
Microsoft Visual Studio Solution File, Format Version 12.00
# Visual Studio Version 17
VisualStudioVersion = 17.4.33205.214
MinimumVisualStudioVersion = 10.0.40219.1
Project("{8BC9CEB8-8B4A-11D0-8D11-00A0C91BC942}") = "Editor_Window", "Editor_Window\Editor_Window.vcxproj", "{7FA29AF8-1EDE-43C2-82A7-D9112BE9D36E}"
	ProjectSection(ProjectDependencies) = postProject
		{AB641758-63D2-4EC4-8A31-8032188DF535} = {AB641758-63D2-4EC4-8A31-8032188DF535}
	EndProjectSection
EndProject
Project("{8BC9CEB8-8B4A-11D0-8D11-00A0C91BC942}") = "Editor_SOURCE", "Editor_SOURCE\Editor_SOURCE.vcxitems", "{1D26E77A-6B61-4E20-A415-044E11CCD40A}"
EndProject
Project("{8BC9CEB8-8B4A-11D0-8D11-00A0C91BC942}") = "Shader_SOURCE", "Shader_SOURCE\Shader_SOURCE.vcxitems", "{7F9C613C-910B-479D-B576-7A1DFDB32E50}"
EndProject
Project("{8BC9CEB8-8B4A-11D0-8D11-00A0C91BC942}") = "LuruEngine", "LuruEngine\LuruEngine.vcxproj", "{AB641758-63D2-4EC4-8A31-8032188DF535}"
EndProject
Project("{8BC9CEB8-8B4A-11D0-8D11-00A0C91BC942}") = "Engine_SOURCE", "Engine_SOURCE\Engine_SOURCE.vcxitems", "{D577A696-9968-4FA3-8EE3-686A7E204AF1}"
EndProject
Global
	GlobalSection(SolutionConfigurationPlatforms) = preSolution
		Debug|x64 = Debug|x64
		Debug|x86 = Debug|x86
		Release|x64 = Release|x64
		Release|x86 = Release|x86
	EndGlobalSection
	GlobalSection(ProjectConfigurationPlatforms) = postSolution
		{7FA29AF8-1EDE-43C2-82A7-D9112BE9D36E}.Debug|x64.ActiveCfg = Debug|x64
		{7FA29AF8-1EDE-43C2-82A7-D9112BE9D36E}.Debug|x64.Build.0 = Debug|x64
		{7FA29AF8-1EDE-43C2-82A7-D9112BE9D36E}.Debug|x86.ActiveCfg = Debug|Win32
		{7FA29AF8-1EDE-43C2-82A7-D9112BE9D36E}.Debug|x86.Build.0 = Debug|Win32
		{7FA29AF8-1EDE-43C2-82A7-D9112BE9D36E}.Release|x64.ActiveCfg = Release|x64
		{7FA29AF8-1EDE-43C2-82A7-D9112BE9D36E}.Release|x64.Build.0 = Release|x64
		{7FA29AF8-1EDE-43C2-82A7-D9112BE9D36E}.Release|x86.ActiveCfg = Release|Win32
		{7FA29AF8-1EDE-43C2-82A7-D9112BE9D36E}.Release|x86.Build.0 = Release|Win32
		{AB641758-63D2-4EC4-8A31-8032188DF535}.Debug|x64.ActiveCfg = Debug|x64
		{AB641758-63D2-4EC4-8A31-8032188DF535}.Debug|x64.Build.0 = Debug|x64
		{AB641758-63D2-4EC4-8A31-8032188DF535}.Debug|x86.ActiveCfg = Debug|Win32
		{AB641758-63D2-4EC4-8A31-8032188DF535}.Debug|x86.Build.0 = Debug|Win32
		{AB641758-63D2-4EC4-8A31-8032188DF535}.Release|x64.ActiveCfg = Release|x64
		{AB641758-63D2-4EC4-8A31-8032188DF535}.Release|x64.Build.0 = Release|x64
		{AB641758-63D2-4EC4-8A31-8032188DF535}.Release|x86.ActiveCfg = Release|Win32
		{AB641758-63D2-4EC4-8A31-8032188DF535}.Release|x86.Build.0 = Release|Win32
	EndGlobalSection
	GlobalSection(SolutionProperties) = preSolution
		HideSolutionNode = FALSE
	EndGlobalSection
	GlobalSection(ExtensibilityGlobals) = postSolution
		SolutionGuid = {9EFFF0EA-5897-4EFB-9DF3-CEC853D3F953}
	EndGlobalSection
	GlobalSection(SharedMSBuildProjectFiles) = preSolution
		Editor_SOURCE\Editor_SOURCE.vcxitems*{1d26e77a-6b61-4e20-a415-044e11ccd40a}*SharedItemsImports = 9
		Shader_SOURCE\Shader_SOURCE.vcxitems*{7f9c613c-910b-479d-b576-7a1dfdb32e50}*SharedItemsImports = 9
		Editor_SOURCE\Editor_SOURCE.vcxitems*{7fa29af8-1ede-43c2-82a7-d9112be9d36e}*SharedItemsImports = 4
		Engine_SOURCE\Engine_SOURCE.vcxitems*{ab641758-63d2-4ec4-8a31-8032188df535}*SharedItemsImports = 4
		Engine_SOURCE\Engine_SOURCE.vcxitems*{d577a696-9968-4fa3-8ee3-686a7e204af1}*SharedItemsImports = 9
	EndGlobalSection
EndGlobal
