<?xml version="1.0" encoding="utf-8"?>
<Project ToolsVersion="4.0" xmlns="http://schemas.microsoft.com/developer/msbuild/2003">
  <ItemGroup>
    <ClCompile Include="LuruEngine.cpp" />
    <ClCompile Include="SCENE_SelectScene.cpp">
      <Filter>Contents\Scene</Filter>
    </ClCompile>
    <ClCompile Include="SCENE_TitleScene.cpp">
      <Filter>Contents\Scene</Filter>
    </ClCompile>
    <ClCompile Include="SCRIPT_CameraScript.cpp">
      <Filter>Contents\Script</Filter>
    </ClCompile>
    <ClCompile Include="SCENE_LobbyScene.cpp">
      <Filter>Contents\Scene</Filter>
    </ClCompile>
    <ClCompile Include="Img_LobbyMap.cpp">
      <Filter>Contents\Obj\Gobj_Img\LobbySceneImg</Filter>
    </ClCompile>
    <ClCompile Include="Img_Space1.cpp">
      <Filter>Contents\Obj\Gobj_Img\LobbySceneImg</Filter>
    </ClCompile>
    <ClCompile Include="Img_Space2.cpp">
      <Filter>Contents\Obj\Gobj_Img\LobbySceneImg</Filter>
    </ClCompile>
    <ClCompile Include="Img_Logo.cpp">
      <Filter>Contents\Obj\Gobj_Img\TitleSceneImg</Filter>
    </ClCompile>
    <ClCompile Include="Img_TitleImg01.cpp">
      <Filter>Contents\Obj\Gobj_Img\TitleSceneImg</Filter>
    </ClCompile>
    <ClCompile Include="Gobj_Img.cpp">
      <Filter>Contents\Obj\Gobj_Img</Filter>
    </ClCompile>
    <ClCompile Include="Img_CatPattern.cpp">
      <Filter>Contents\Obj\Gobj_Img\SelectSceneImg</Filter>
    </ClCompile>
    <ClCompile Include="Gobj_UI.cpp">
      <Filter>Contents\Obj\Gobj_UI</Filter>
    </ClCompile>
    <ClCompile Include="UI_Exit.cpp">
      <Filter>Contents\Obj\Gobj_UI</Filter>
    </ClCompile>
    <ClCompile Include="UI_Menu.cpp">
      <Filter>Contents\Obj\Gobj_UI</Filter>
    </ClCompile>
    <ClCompile Include="UI_FocusBoxes.cpp">
      <Filter>Contents\Obj\Gobj_UI</Filter>
    </ClCompile>
    <ClCompile Include="UI_FocusBox.cpp">
      <Filter>Contents\Obj\Gobj_UI</Filter>
    </ClCompile>
    <ClCompile Include="SCRIPT_SelectScript.cpp">
      <Filter>Contents\Script</Filter>
    </ClCompile>
    <ClCompile Include="UI_Select.cpp">
      <Filter>Contents\Obj\Gobj_UI</Filter>
    </ClCompile>
    <ClCompile Include="Gobj_Interactable.cpp">
      <Filter>Contents\Obj\Gobj_Interactable</Filter>
    </ClCompile>
    <ClCompile Include="Interact_LobbyCharacter.cpp">
      <Filter>Contents\Obj\Gobj_Interactable</Filter>
    </ClCompile>
    <ClCompile Include="Interact_LobbyUpgrade.cpp">
      <Filter>Contents\Obj\Gobj_Interactable</Filter>
    </ClCompile>
    <ClCompile Include="Interact_LobbyGate.cpp">
      <Filter>Contents\Obj\Gobj_Interactable</Filter>
    </ClCompile>
    <ClCompile Include="Img_LobbyMolding.cpp">
      <Filter>Contents\Obj\Gobj_Img\LobbySceneImg</Filter>
    </ClCompile>
  </ItemGroup>
  <ItemGroup>
    <ClInclude Include="framework.h" />
    <ClInclude Include="LoadScenes.h">
      <Filter>Contents\Load</Filter>
    </ClInclude>
    <ClInclude Include="SCENE_SelectScene.h">
      <Filter>Contents\Scene</Filter>
    </ClInclude>
    <ClInclude Include="SCENE_TitleScene.h">
      <Filter>Contents\Scene</Filter>
    </ClInclude>
    <ClInclude Include="SCRIPT_CameraScript.h">
      <Filter>Contents\Script</Filter>
    </ClInclude>
    <ClInclude Include="SCENE_LobbyScene.h">
      <Filter>Contents\Scene</Filter>
    </ClInclude>
    <ClInclude Include="Img_LobbyMap.h">
      <Filter>Contents\Obj\Gobj_Img\LobbySceneImg</Filter>
    </ClInclude>
    <ClInclude Include="Img_Space1.h">
      <Filter>Contents\Obj\Gobj_Img\LobbySceneImg</Filter>
    </ClInclude>
    <ClInclude Include="Img_Space2.h">
      <Filter>Contents\Obj\Gobj_Img\LobbySceneImg</Filter>
    </ClInclude>
    <ClInclude Include="Img_Logo.h">
      <Filter>Contents\Obj\Gobj_Img\TitleSceneImg</Filter>
    </ClInclude>
    <ClInclude Include="Img_TitleImg01.h">
      <Filter>Contents\Obj\Gobj_Img\TitleSceneImg</Filter>
    </ClInclude>
    <ClInclude Include="Gobj_Img.h">
      <Filter>Contents\Obj\Gobj_Img</Filter>
    </ClInclude>
    <ClInclude Include="Img_CatPattern.h">
      <Filter>Contents\Obj\Gobj_Img\SelectSceneImg</Filter>
    </ClInclude>
    <ClInclude Include="Gobj_UI.h">
      <Filter>Contents\Obj\Gobj_UI</Filter>
    </ClInclude>
    <ClInclude Include="UI_Exit.h">
      <Filter>Contents\Obj\Gobj_UI</Filter>
    </ClInclude>
    <ClInclude Include="UI_Menu.h">
      <Filter>Contents\Obj\Gobj_UI</Filter>
    </ClInclude>
    <ClInclude Include="UI_FocusBoxes.h">
      <Filter>Contents\Obj\Gobj_UI</Filter>
    </ClInclude>
    <ClInclude Include="UI_FocusBox.h">
      <Filter>Contents\Obj\Gobj_UI</Filter>
    </ClInclude>
    <ClInclude Include="SCRIPT_SelectScript.h">
      <Filter>Contents\Script</Filter>
    </ClInclude>
    <ClInclude Include="UI_Select.h">
      <Filter>Contents\Obj\Gobj_UI</Filter>
    </ClInclude>
    <ClInclude Include="Gobj_Interactable.h">
      <Filter>Contents\Obj\Gobj_Interactable</Filter>
    </ClInclude>
    <ClInclude Include="Interact_LobbyCharacter.h">
      <Filter>Contents\Obj\Gobj_Interactable</Filter>
    </ClInclude>
    <ClInclude Include="Interact_LobbyUpgrade.h">
      <Filter>Contents\Obj\Gobj_Interactable</Filter>
    </ClInclude>
    <ClInclude Include="Interact_LobbyGate.h">
      <Filter>Contents\Obj\Gobj_Interactable</Filter>
    </ClInclude>
    <ClInclude Include="Img_LobbyMolding.h">
      <Filter>Contents\Obj\Gobj_Img\LobbySceneImg</Filter>
    </ClInclude>
  </ItemGroup>
  <ItemGroup>
    <Filter Include="Contents">
      <UniqueIdentifier>{543f544b-7cf4-470c-ac2b-6bbaf61d9190}</UniqueIdentifier>
    </Filter>
    <Filter Include="Contents\Load">
      <UniqueIdentifier>{a79c56fb-2fc3-4902-b6d0-024541fb2aec}</UniqueIdentifier>
    </Filter>
    <Filter Include="Contents\Scene">
      <UniqueIdentifier>{e64a6c36-4045-4b74-8df4-adb4e3513c5c}</UniqueIdentifier>
    </Filter>
    <Filter Include="Contents\Script">
      <UniqueIdentifier>{b9d5412c-b543-4318-871b-3d8a37f65a99}</UniqueIdentifier>
    </Filter>
    <Filter Include="Contents\Obj">
      <UniqueIdentifier>{8a4a42e5-757f-4a3e-9d9b-c8eba17f1ca8}</UniqueIdentifier>
    </Filter>
    <Filter Include="Contents\Obj\Gobj_Img">
      <UniqueIdentifier>{947194aa-13b9-4cf3-80fa-33355f965b70}</UniqueIdentifier>
    </Filter>
    <Filter Include="Contents\Obj\Gobj_UI">
      <UniqueIdentifier>{62c4b42f-2839-4726-a3bc-0c1495223547}</UniqueIdentifier>
    </Filter>
    <Filter Include="Contents\Obj\Gobj_Interactable">
      <UniqueIdentifier>{020dffdd-001a-4678-9e71-b2e4cce7e6af}</UniqueIdentifier>
    </Filter>
    <Filter Include="Contents\Obj\Gobj_Img\LobbySceneImg">
      <UniqueIdentifier>{012bccaf-7351-4983-8ab7-0de373d606ee}</UniqueIdentifier>
    </Filter>
    <Filter Include="Contents\Obj\Gobj_Img\SelectSceneImg">
      <UniqueIdentifier>{801ae3f3-221f-4edd-8e8e-196fa94d4287}</UniqueIdentifier>
    </Filter>
    <Filter Include="Contents\Obj\Gobj_Img\TitleSceneImg">
      <UniqueIdentifier>{8d13e38e-c2fa-414b-832c-88fcc724606d}</UniqueIdentifier>
    </Filter>
  </ItemGroup>
</Project>