<?xml version="1.0" encoding="utf-8"?>
<Project ToolsVersion="4.0" xmlns="http://schemas.microsoft.com/developer/msbuild/2003">
  <ItemGroup>
    <ClCompile Include="Img_LobbyMap.cpp">
      <Filter>Obj\Gobj_Img\LobbySceneImg</Filter>
    </ClCompile>
    <ClCompile Include="Img_Space1.cpp">
      <Filter>Obj\Gobj_Img\LobbySceneImg</Filter>
    </ClCompile>
    <ClCompile Include="Img_Space2.cpp">
      <Filter>Obj\Gobj_Img\LobbySceneImg</Filter>
    </ClCompile>
    <ClCompile Include="Img_Logo.cpp">
      <Filter>Obj\Gobj_Img\TitleSceneImg</Filter>
    </ClCompile>
    <ClCompile Include="Img_TitleImg01.cpp">
      <Filter>Obj\Gobj_Img\TitleSceneImg</Filter>
    </ClCompile>
    <ClCompile Include="Gobj_Img.cpp">
      <Filter>Obj\Gobj_Img</Filter>
    </ClCompile>
    <ClCompile Include="Img_CatPattern.cpp">
      <Filter>Obj\Gobj_Img\SelectSceneImg</Filter>
    </ClCompile>
    <ClCompile Include="Gobj_UI.cpp">
      <Filter>Obj\Gobj_UI</Filter>
    </ClCompile>
    <ClCompile Include="UI_Exit.cpp">
      <Filter>Obj\Gobj_UI</Filter>
    </ClCompile>
    <ClCompile Include="UI_FocusBoxes.cpp">
      <Filter>Obj\Gobj_UI</Filter>
    </ClCompile>
    <ClCompile Include="UI_FocusBox.cpp">
      <Filter>Obj\Gobj_UI</Filter>
    </ClCompile>
    <ClCompile Include="UI_Select.cpp">
      <Filter>Obj\Gobj_UI</Filter>
    </ClCompile>
    <ClCompile Include="Gobj_Interactable.cpp">
      <Filter>Obj\Gobj_Interactable</Filter>
    </ClCompile>
    <ClCompile Include="Interact_LobbyCharacter.cpp">
      <Filter>Obj\Gobj_Interactable</Filter>
    </ClCompile>
    <ClCompile Include="Interact_LobbyUpgrade.cpp">
      <Filter>Obj\Gobj_Interactable</Filter>
    </ClCompile>
    <ClCompile Include="Interact_LobbyGate.cpp">
      <Filter>Obj\Gobj_Interactable</Filter>
    </ClCompile>
    <ClCompile Include="Img_LobbyMolding.cpp">
      <Filter>Obj\Gobj_Img\LobbySceneImg</Filter>
    </ClCompile>
    <ClCompile Include="Img_SelectText.cpp">
      <Filter>Obj\Gobj_Img\SelectSceneImg</Filter>
    </ClCompile>
    <ClCompile Include="SCENE_SelectScene.cpp">
      <Filter>Scene\SCENE_NonPlayScene</Filter>
    </ClCompile>
    <ClCompile Include="SCENE_TitleScene.cpp">
      <Filter>Scene\SCENE_NonPlayScene</Filter>
    </ClCompile>
    <ClCompile Include="SCENE_PlayScene.cpp">
      <Filter>Scene\SCENE_PlayScene</Filter>
    </ClCompile>
    <ClCompile Include="SCENE_Stage0.cpp">
      <Filter>Scene\SCENE_PlayScene\Stage0</Filter>
    </ClCompile>
    <ClCompile Include="Stage0_Forest01.cpp">
      <Filter>Scene\SCENE_PlayScene\Stage0</Filter>
    </ClCompile>
    <ClCompile Include="Img_Stage0_Forest01_Map.cpp">
      <Filter>Obj\Gobj_Img\PlaySceneImg\Stage0</Filter>
    </ClCompile>
    <ClCompile Include="SCENE_LobbyScene.cpp">
      <Filter>Scene\SCENE_PlayScene</Filter>
    </ClCompile>
    <ClCompile Include="Tile_Tile.cpp">
      <Filter>Tile</Filter>
    </ClCompile>
    <ClCompile Include="Tile_TilePalette.cpp">
      <Filter>Tile</Filter>
    </ClCompile>
    <ClCompile Include="SCENE_ToolScene.cpp">
      <Filter>Scene\SCENE_ToolScene</Filter>
    </ClCompile>
    <ClCompile Include="UI_Icons.cpp">
      <Filter>Obj\Gobj_UI</Filter>
    </ClCompile>
    <ClCompile Include="Interact_LobbyCardBook.cpp">
      <Filter>Obj\Gobj_Interactable</Filter>
    </ClCompile>
    <ClCompile Include="Tile_Image.cpp">
      <Filter>Tile</Filter>
    </ClCompile>
    <ClCompile Include="Char_Cheese.cpp">
      <Filter>Obj\Gobj_Character\Char</Filter>
    </ClCompile>
    <ClCompile Include="LuruEngine.cpp">
      <Filter>x</Filter>
    </ClCompile>
    <ClCompile Include="SCRIPT_Tile0.cpp">
      <Filter>Script\SCRIPT_Tiles</Filter>
    </ClCompile>
    <ClCompile Include="UI_FocusBoxes2.cpp">
      <Filter>Obj\Gobj_UI</Filter>
    </ClCompile>
    <ClCompile Include="SCRIPT_Tile1.cpp">
      <Filter>Script\SCRIPT_Tiles</Filter>
    </ClCompile>
    <ClCompile Include="Gobj_Bullet.cpp">
      <Filter>Obj\Gobj_Bullet</Filter>
    </ClCompile>
    <ClCompile Include="Bullet_CheeseArrow.cpp">
      <Filter>Obj\Gobj_Bullet</Filter>
    </ClCompile>
    <ClCompile Include="SCRIPT_Player.cpp">
      <Filter>Script\SCRIPT_Player</Filter>
    </ClCompile>
    <ClCompile Include="SCRIPT_MainCamera.cpp">
      <Filter>Script\SCRIPT_Player</Filter>
    </ClCompile>
    <ClCompile Include="SCRIPT_Bullet.cpp">
      <Filter>Script\SCRIPT_Player</Filter>
    </ClCompile>
    <ClCompile Include="SCRIPT_MeleeMob.cpp">
      <Filter>Script\SCRIPT_Monster</Filter>
    </ClCompile>
    <ClCompile Include="SCRIPT_Gate.cpp">
      <Filter>Script\SCRIPT_Interactable</Filter>
    </ClCompile>
    <ClCompile Include="SCRIPT_UI.cpp">
      <Filter>Script\SCRIPT_UI</Filter>
    </ClCompile>
    <ClCompile Include="SCRIPT_UICamera.cpp">
      <Filter>Script\SCRIPT_UI</Filter>
    </ClCompile>
    <ClCompile Include="SCRIPT_BGCamera.cpp">
      <Filter>Script\SCRIPT_UI</Filter>
    </ClCompile>
    <ClCompile Include="Char_Lucy.cpp">
      <Filter>Obj\Gobj_Character\Char</Filter>
    </ClCompile>
    <ClCompile Include="Bullet_LucyBomb.cpp">
      <Filter>Obj\Gobj_Bullet</Filter>
    </ClCompile>
    <ClCompile Include="SCRIPT_Company.cpp">
      <Filter>Script\SCRIPT_Player</Filter>
    </ClCompile>
    <ClCompile Include="Gobj_Effect.cpp">
      <Filter>Obj\Gobj_Effect</Filter>
    </ClCompile>
    <ClCompile Include="Gobj_Character.cpp">
      <Filter>Obj\Gobj_Character\Base</Filter>
    </ClCompile>
    <ClCompile Include="Gobj_Player.cpp">
      <Filter>Obj\Gobj_Character\Base</Filter>
    </ClCompile>
    <ClCompile Include="Effect_Hit.cpp">
      <Filter>Obj\Gobj_Effect</Filter>
    </ClCompile>
    <ClCompile Include="Effect_FirePlate.cpp">
      <Filter>Obj\Gobj_Effect</Filter>
    </ClCompile>
    <ClCompile Include="SCRIPT_CharSelect.cpp">
      <Filter>Script\SCRIPT_Interactable</Filter>
    </ClCompile>
    <ClCompile Include="UI_CharSelect.cpp">
      <Filter>Obj\Gobj_UI</Filter>
    </ClCompile>
    <ClCompile Include="Img_LobbyTorch.cpp">
      <Filter>Obj\Gobj_Img\LobbySceneImg</Filter>
    </ClCompile>
    <ClCompile Include="UI_CharBox.cpp">
      <Filter>Obj\Gobj_UI</Filter>
    </ClCompile>
    <ClCompile Include="SCRIPT_CameraScript.cpp">
      <Filter>Script\SCRIPT_etc</Filter>
    </ClCompile>
    <ClCompile Include="SCRIPT_GridScript.cpp">
      <Filter>Script\SCRIPT_etc</Filter>
    </ClCompile>
    <ClCompile Include="Effect_Explosion.cpp">
      <Filter>Obj\Gobj_Effect</Filter>
    </ClCompile>
    <ClCompile Include="Melee_SlimeA.cpp">
      <Filter>Obj\Gobj_Monster\Melee\Slime</Filter>
    </ClCompile>
    <ClCompile Include="Melee_SlimeB.cpp">
      <Filter>Obj\Gobj_Monster\Melee\Slime</Filter>
    </ClCompile>
    <ClCompile Include="Ranged_CannibalFlowerA.cpp">
      <Filter>Obj\Gobj_Monster\Ranged\CannibalFlower</Filter>
    </ClCompile>
    <ClCompile Include="Gobj_Monster.cpp">
      <Filter>Obj\Gobj_Monster\Base</Filter>
    </ClCompile>
    <ClCompile Include="Monster_Melee.cpp">
      <Filter>Obj\Gobj_Monster\Base</Filter>
    </ClCompile>
    <ClCompile Include="Monster_Ranged.cpp">
      <Filter>Obj\Gobj_Monster\Base</Filter>
    </ClCompile>
    <ClCompile Include="Gobj_MobProjectile.cpp">
      <Filter>Obj\Gobj_Monster\Base</Filter>
    </ClCompile>
    <ClCompile Include="Ranged_Ent.cpp">
      <Filter>Obj\Gobj_Monster\Ranged\Ent</Filter>
    </ClCompile>
    <ClCompile Include="SCRIPT_MobProjectile.cpp">
      <Filter>Script\SCRIPT_Monster\Ranged</Filter>
    </ClCompile>
    <ClCompile Include="SCRIPT_RangedMob.cpp">
      <Filter>Script\SCRIPT_Monster\Ranged</Filter>
    </ClCompile>
    <ClCompile Include="Melee_Larva.cpp">
      <Filter>Obj\Gobj_Monster\Melee\Larva</Filter>
    </ClCompile>
    <ClCompile Include="Melee_EliteLarva.cpp">
      <Filter>Obj\Gobj_Monster\Melee\Larva</Filter>
    </ClCompile>
    <ClCompile Include="Melee_Cannibals.cpp">
      <Filter>Obj\Gobj_Monster\Melee\Cannibals</Filter>
    </ClCompile>
    <ClCompile Include="Melee_EliteCannibals.cpp">
      <Filter>Obj\Gobj_Monster\Melee\Cannibals</Filter>
    </ClCompile>
    <ClCompile Include="Boss_OldEnt.cpp">
      <Filter>Obj\Gobj_Monster\Boss\Old Ent</Filter>
    </ClCompile>
    <ClCompile Include="SCRIPT_Boss.cpp">
      <Filter>Script\SCRIPT_Monster\Boss</Filter>
    </ClCompile>
    <ClCompile Include="Bullet_SlicedApple.cpp">
      <Filter>Obj\Gobj_Monster\Boss\Old Ent</Filter>
    </ClCompile>
    <ClCompile Include="Bullet_Apple.cpp">
      <Filter>Obj\Gobj_Monster\Boss\Old Ent</Filter>
    </ClCompile>
    <ClCompile Include="Bullet_EntRock.cpp">
      <Filter>Obj\Gobj_Monster\Ranged\Ent</Filter>
    </ClCompile>
    <ClCompile Include="Bullet_PoisonOrb.cpp">
      <Filter>Obj\Gobj_Monster\Ranged\CannibalFlower</Filter>
    </ClCompile>
    <ClCompile Include="Effect_OldEntStem.cpp">
      <Filter>Obj\Gobj_Effect\Monster</Filter>
    </ClCompile>
    <ClCompile Include="Effect_ProjectileDest.cpp">
      <Filter>Obj\Gobj_Effect\Monster</Filter>
    </ClCompile>
    <ClCompile Include="Effect_RockDust.cpp">
      <Filter>Obj\Gobj_Effect\Monster</Filter>
    </ClCompile>
    <ClCompile Include="Effect_ProjectileDest2.cpp">
      <Filter>Obj\Gobj_Effect\Monster</Filter>
    </ClCompile>
    <ClCompile Include="Img_Crack.cpp">
      <Filter>Obj\Gobj_Img\PlaySceneImg</Filter>
    </ClCompile>
    <ClCompile Include="Stage0_Forest02.cpp">
      <Filter>Scene\SCENE_PlayScene\Stage0</Filter>
    </ClCompile>
    <ClCompile Include="Interact_Gate.cpp">
      <Filter>Obj\Gobj_Interactable</Filter>
    </ClCompile>
    <ClCompile Include="SCRIPT_PlaySceneGate.cpp">
      <Filter>Script\SCRIPT_Interactable</Filter>
    </ClCompile>
    <ClCompile Include="Stage0_Forest03.cpp">
      <Filter>Scene\SCENE_PlayScene\Stage0</Filter>
    </ClCompile>
  </ItemGroup>
  <ItemGroup>
    <ClInclude Include="LoadScenes.h">
      <Filter>Load</Filter>
    </ClInclude>
    <ClInclude Include="Img_LobbyMap.h">
      <Filter>Obj\Gobj_Img\LobbySceneImg</Filter>
    </ClInclude>
    <ClInclude Include="Img_Space1.h">
      <Filter>Obj\Gobj_Img\LobbySceneImg</Filter>
    </ClInclude>
    <ClInclude Include="Img_Space2.h">
      <Filter>Obj\Gobj_Img\LobbySceneImg</Filter>
    </ClInclude>
    <ClInclude Include="Img_Logo.h">
      <Filter>Obj\Gobj_Img\TitleSceneImg</Filter>
    </ClInclude>
    <ClInclude Include="Img_TitleImg01.h">
      <Filter>Obj\Gobj_Img\TitleSceneImg</Filter>
    </ClInclude>
    <ClInclude Include="Gobj_Img.h">
      <Filter>Obj\Gobj_Img</Filter>
    </ClInclude>
    <ClInclude Include="Img_CatPattern.h">
      <Filter>Obj\Gobj_Img\SelectSceneImg</Filter>
    </ClInclude>
    <ClInclude Include="Gobj_UI.h">
      <Filter>Obj\Gobj_UI</Filter>
    </ClInclude>
    <ClInclude Include="UI_Exit.h">
      <Filter>Obj\Gobj_UI</Filter>
    </ClInclude>
    <ClInclude Include="UI_FocusBoxes.h">
      <Filter>Obj\Gobj_UI</Filter>
    </ClInclude>
    <ClInclude Include="UI_FocusBox.h">
      <Filter>Obj\Gobj_UI</Filter>
    </ClInclude>
    <ClInclude Include="UI_Select.h">
      <Filter>Obj\Gobj_UI</Filter>
    </ClInclude>
    <ClInclude Include="Gobj_Interactable.h">
      <Filter>Obj\Gobj_Interactable</Filter>
    </ClInclude>
    <ClInclude Include="Interact_LobbyCharacter.h">
      <Filter>Obj\Gobj_Interactable</Filter>
    </ClInclude>
    <ClInclude Include="Interact_LobbyUpgrade.h">
      <Filter>Obj\Gobj_Interactable</Filter>
    </ClInclude>
    <ClInclude Include="Interact_LobbyGate.h">
      <Filter>Obj\Gobj_Interactable</Filter>
    </ClInclude>
    <ClInclude Include="Img_LobbyMolding.h">
      <Filter>Obj\Gobj_Img\LobbySceneImg</Filter>
    </ClInclude>
    <ClInclude Include="Img_SelectText.h">
      <Filter>Obj\Gobj_Img\SelectSceneImg</Filter>
    </ClInclude>
    <ClInclude Include="SCENE_SelectScene.h">
      <Filter>Scene\SCENE_NonPlayScene</Filter>
    </ClInclude>
    <ClInclude Include="SCENE_TitleScene.h">
      <Filter>Scene\SCENE_NonPlayScene</Filter>
    </ClInclude>
    <ClInclude Include="SCENE_PlayScene.h">
      <Filter>Scene\SCENE_PlayScene</Filter>
    </ClInclude>
    <ClInclude Include="SCENE_Stage0.h">
      <Filter>Scene\SCENE_PlayScene\Stage0</Filter>
    </ClInclude>
    <ClInclude Include="Stage0_Forest01.h">
      <Filter>Scene\SCENE_PlayScene\Stage0</Filter>
    </ClInclude>
    <ClInclude Include="Img_Stage0_Forest01_Map.h">
      <Filter>Obj\Gobj_Img\PlaySceneImg\Stage0</Filter>
    </ClInclude>
    <ClInclude Include="SCENE_LobbyScene.h">
      <Filter>Scene\SCENE_PlayScene</Filter>
    </ClInclude>
    <ClInclude Include="Tile_Tile.h">
      <Filter>Tile</Filter>
    </ClInclude>
    <ClInclude Include="Tile_TilePalette.h">
      <Filter>Tile</Filter>
    </ClInclude>
    <ClInclude Include="SCENE_ToolScene.h">
      <Filter>Scene\SCENE_ToolScene</Filter>
    </ClInclude>
    <ClInclude Include="UI_Icons.h">
      <Filter>Obj\Gobj_UI</Filter>
    </ClInclude>
    <ClInclude Include="Interact_LobbyCardBook.h">
      <Filter>Obj\Gobj_Interactable</Filter>
    </ClInclude>
    <ClInclude Include="Tile_Image.h">
      <Filter>Tile</Filter>
    </ClInclude>
    <ClInclude Include="Char_Cheese.h">
      <Filter>Obj\Gobj_Character\Char</Filter>
    </ClInclude>
    <ClInclude Include="framework.h">
      <Filter>x</Filter>
    </ClInclude>
    <ClInclude Include="SCRIPT_Tile0.h">
      <Filter>Script\SCRIPT_Tiles</Filter>
    </ClInclude>
    <ClInclude Include="UI_FocusBoxes2.h">
      <Filter>Obj\Gobj_UI</Filter>
    </ClInclude>
    <ClInclude Include="SCRIPT_Tile1.h">
      <Filter>Script\SCRIPT_Tiles</Filter>
    </ClInclude>
    <ClInclude Include="Gobj_Bullet.h">
      <Filter>Obj\Gobj_Bullet</Filter>
    </ClInclude>
    <ClInclude Include="Bullet_CheeseArrow.h">
      <Filter>Obj\Gobj_Bullet</Filter>
    </ClInclude>
    <ClInclude Include="SCRIPT_Player.h">
      <Filter>Script\SCRIPT_Player</Filter>
    </ClInclude>
    <ClInclude Include="SCRIPT_MainCamera.h">
      <Filter>Script\SCRIPT_Player</Filter>
    </ClInclude>
    <ClInclude Include="SCRIPT_Bullet.h">
      <Filter>Script\SCRIPT_Player</Filter>
    </ClInclude>
    <ClInclude Include="SCRIPT_MeleeMob.h">
      <Filter>Script\SCRIPT_Monster</Filter>
    </ClInclude>
    <ClInclude Include="SCRIPT_Gate.h">
      <Filter>Script\SCRIPT_Interactable</Filter>
    </ClInclude>
    <ClInclude Include="SCRIPT_UI.h">
      <Filter>Script\SCRIPT_UI</Filter>
    </ClInclude>
    <ClInclude Include="SCRIPT_UICamera.h">
      <Filter>Script\SCRIPT_UI</Filter>
    </ClInclude>
    <ClInclude Include="SCRIPT_BGCamera.h">
      <Filter>Script\SCRIPT_UI</Filter>
    </ClInclude>
    <ClInclude Include="Char_Lucy.h">
      <Filter>Obj\Gobj_Character\Char</Filter>
    </ClInclude>
    <ClInclude Include="Bullet_LucyBomb.h">
      <Filter>Obj\Gobj_Bullet</Filter>
    </ClInclude>
    <ClInclude Include="SCRIPT_Company.h">
      <Filter>Script\SCRIPT_Player</Filter>
    </ClInclude>
    <ClInclude Include="Gobj_Effect.h">
      <Filter>Obj\Gobj_Effect</Filter>
    </ClInclude>
    <ClInclude Include="Gobj_Character.h">
      <Filter>Obj\Gobj_Character\Base</Filter>
    </ClInclude>
    <ClInclude Include="Gobj_Player.h">
      <Filter>Obj\Gobj_Character\Base</Filter>
    </ClInclude>
    <ClInclude Include="Effect_Hit.h">
      <Filter>Obj\Gobj_Effect</Filter>
    </ClInclude>
    <ClInclude Include="Effect_FirePlate.h">
      <Filter>Obj\Gobj_Effect</Filter>
    </ClInclude>
    <ClInclude Include="SCRIPT_CharSelect.h">
      <Filter>Script\SCRIPT_Interactable</Filter>
    </ClInclude>
    <ClInclude Include="UI_CharSelect.h">
      <Filter>Obj\Gobj_UI</Filter>
    </ClInclude>
    <ClInclude Include="Img_LobbyTorch.h">
      <Filter>Obj\Gobj_Img\LobbySceneImg</Filter>
    </ClInclude>
    <ClInclude Include="UI_CharBox.h">
      <Filter>Obj\Gobj_UI</Filter>
    </ClInclude>
    <ClInclude Include="SCRIPT_CameraScript.h">
      <Filter>Script\SCRIPT_etc</Filter>
    </ClInclude>
    <ClInclude Include="SCRIPT_GridScript.h">
      <Filter>Script\SCRIPT_etc</Filter>
    </ClInclude>
    <ClInclude Include="Effect_Explosion.h">
      <Filter>Obj\Gobj_Effect</Filter>
    </ClInclude>
    <ClInclude Include="Melee_SlimeA.h">
      <Filter>Obj\Gobj_Monster\Melee\Slime</Filter>
    </ClInclude>
    <ClInclude Include="Melee_SlimeB.h">
      <Filter>Obj\Gobj_Monster\Melee\Slime</Filter>
    </ClInclude>
    <ClInclude Include="Ranged_CannibalFlowerA.h">
      <Filter>Obj\Gobj_Monster\Ranged\CannibalFlower</Filter>
    </ClInclude>
    <ClInclude Include="Gobj_Monster.h">
      <Filter>Obj\Gobj_Monster\Base</Filter>
    </ClInclude>
    <ClInclude Include="Monster_Melee.h">
      <Filter>Obj\Gobj_Monster\Base</Filter>
    </ClInclude>
    <ClInclude Include="Monster_Ranged.h">
      <Filter>Obj\Gobj_Monster\Base</Filter>
    </ClInclude>
    <ClInclude Include="Gobj_MobProjectile.h">
      <Filter>Obj\Gobj_Monster\Base</Filter>
    </ClInclude>
    <ClInclude Include="Ranged_Ent.h">
      <Filter>Obj\Gobj_Monster\Ranged\Ent</Filter>
    </ClInclude>
    <ClInclude Include="SCRIPT_MobProjectile.h">
      <Filter>Script\SCRIPT_Monster\Ranged</Filter>
    </ClInclude>
    <ClInclude Include="SCRIPT_RangedMob.h">
      <Filter>Script\SCRIPT_Monster\Ranged</Filter>
    </ClInclude>
    <ClInclude Include="Melee_Larva.h">
      <Filter>Obj\Gobj_Monster\Melee\Larva</Filter>
    </ClInclude>
    <ClInclude Include="Melee_EliteLarva.h">
      <Filter>Obj\Gobj_Monster\Melee\Larva</Filter>
    </ClInclude>
    <ClInclude Include="Melee_Cannibals.h">
      <Filter>Obj\Gobj_Monster\Melee\Cannibals</Filter>
    </ClInclude>
    <ClInclude Include="Melee_EliteCannibals.h">
      <Filter>Obj\Gobj_Monster\Melee\Cannibals</Filter>
    </ClInclude>
    <ClInclude Include="Boss_OldEnt.h">
      <Filter>Obj\Gobj_Monster\Boss\Old Ent</Filter>
    </ClInclude>
    <ClInclude Include="SCRIPT_Boss.h">
      <Filter>Script\SCRIPT_Monster\Boss</Filter>
    </ClInclude>
    <ClInclude Include="Bullet_SlicedApple.h">
      <Filter>Obj\Gobj_Monster\Boss\Old Ent</Filter>
    </ClInclude>
    <ClInclude Include="Bullet_Apple.h">
      <Filter>Obj\Gobj_Monster\Boss\Old Ent</Filter>
    </ClInclude>
    <ClInclude Include="Bullet_EntRock.h">
      <Filter>Obj\Gobj_Monster\Ranged\Ent</Filter>
    </ClInclude>
    <ClInclude Include="Bullet_PoisonOrb.h">
      <Filter>Obj\Gobj_Monster\Ranged\CannibalFlower</Filter>
    </ClInclude>
    <ClInclude Include="Effect_OldEntStem.h">
      <Filter>Obj\Gobj_Effect\Monster</Filter>
    </ClInclude>
    <ClInclude Include="Effect_ProjectileDest.h">
      <Filter>Obj\Gobj_Effect\Monster</Filter>
    </ClInclude>
    <ClInclude Include="Effect_RockDust.h">
      <Filter>Obj\Gobj_Effect\Monster</Filter>
    </ClInclude>
    <ClInclude Include="Effect_ProjectileDest2.h">
      <Filter>Obj\Gobj_Effect\Monster</Filter>
    </ClInclude>
    <ClInclude Include="Img_Crack.h">
      <Filter>Obj\Gobj_Img\PlaySceneImg</Filter>
    </ClInclude>
    <ClInclude Include="Stage0_Forest02.h">
      <Filter>Scene\SCENE_PlayScene\Stage0</Filter>
    </ClInclude>
    <ClInclude Include="Monsters.h">
      <Filter>Obj\Gobj_Monster</Filter>
    </ClInclude>
    <ClInclude Include="Interact_Gate.h">
      <Filter>Obj\Gobj_Interactable</Filter>
    </ClInclude>
    <ClInclude Include="SCRIPT_PlaySceneGate.h">
      <Filter>Script\SCRIPT_Interactable</Filter>
    </ClInclude>
    <ClInclude Include="Stage0_Forest03.h">
      <Filter>Scene\SCENE_PlayScene\Stage0</Filter>
    </ClInclude>
  </ItemGroup>
  <ItemGroup>
    <Filter Include="x">
      <UniqueIdentifier>{8332cbe9-325f-4cda-b2bb-c5920119465f}</UniqueIdentifier>
    </Filter>
    <Filter Include="Tile">
      <UniqueIdentifier>{aaac7fa7-0a6b-4091-9385-90d98e9bdd26}</UniqueIdentifier>
    </Filter>
    <Filter Include="Load">
      <UniqueIdentifier>{a79c56fb-2fc3-4902-b6d0-024541fb2aec}</UniqueIdentifier>
    </Filter>
    <Filter Include="Obj">
      <UniqueIdentifier>{8a4a42e5-757f-4a3e-9d9b-c8eba17f1ca8}</UniqueIdentifier>
    </Filter>
    <Filter Include="Obj\Gobj_Img">
      <UniqueIdentifier>{947194aa-13b9-4cf3-80fa-33355f965b70}</UniqueIdentifier>
    </Filter>
    <Filter Include="Obj\Gobj_Img\LobbySceneImg">
      <UniqueIdentifier>{012bccaf-7351-4983-8ab7-0de373d606ee}</UniqueIdentifier>
    </Filter>
    <Filter Include="Obj\Gobj_Img\SelectSceneImg">
      <UniqueIdentifier>{801ae3f3-221f-4edd-8e8e-196fa94d4287}</UniqueIdentifier>
    </Filter>
    <Filter Include="Obj\Gobj_Img\TitleSceneImg">
      <UniqueIdentifier>{8d13e38e-c2fa-414b-832c-88fcc724606d}</UniqueIdentifier>
    </Filter>
    <Filter Include="Obj\Gobj_Img\PlaySceneImg">
      <UniqueIdentifier>{3bc6b1bf-2625-48b9-8fa4-3e94803ae3fc}</UniqueIdentifier>
    </Filter>
    <Filter Include="Obj\Gobj_Img\PlaySceneImg\Stage0">
      <UniqueIdentifier>{955f68d5-70e8-4be7-80d7-ee599ee08130}</UniqueIdentifier>
    </Filter>
    <Filter Include="Obj\Gobj_UI">
      <UniqueIdentifier>{62c4b42f-2839-4726-a3bc-0c1495223547}</UniqueIdentifier>
    </Filter>
    <Filter Include="Obj\Gobj_Interactable">
      <UniqueIdentifier>{020dffdd-001a-4678-9e71-b2e4cce7e6af}</UniqueIdentifier>
    </Filter>
    <Filter Include="Obj\Etc">
      <UniqueIdentifier>{d1f49e93-8bfb-49a7-83a6-bf8c2487eb8f}</UniqueIdentifier>
    </Filter>
    <Filter Include="Obj\Gobj_Character">
      <UniqueIdentifier>{0ea5f5ae-b540-44a1-8484-1c87c02611a3}</UniqueIdentifier>
    </Filter>
    <Filter Include="Obj\Gobj_Character\Char">
      <UniqueIdentifier>{d9f1a95b-502d-43a1-b2d5-d7b36a056824}</UniqueIdentifier>
    </Filter>
    <Filter Include="Scene">
      <UniqueIdentifier>{e64a6c36-4045-4b74-8df4-adb4e3513c5c}</UniqueIdentifier>
    </Filter>
    <Filter Include="Scene\SCENE_PlayScene">
      <UniqueIdentifier>{c872b486-5749-4dc6-8bb8-a78d0507536a}</UniqueIdentifier>
    </Filter>
    <Filter Include="Scene\SCENE_PlayScene\Stage2">
      <UniqueIdentifier>{bdec0300-6564-43c5-be33-0da759e64a15}</UniqueIdentifier>
    </Filter>
    <Filter Include="Scene\SCENE_PlayScene\Stage1">
      <UniqueIdentifier>{1fd3505d-f312-4f65-9c4a-97d6c9466140}</UniqueIdentifier>
    </Filter>
    <Filter Include="Scene\SCENE_NonPlayScene">
      <UniqueIdentifier>{7c4db7b2-988e-477a-97b3-fe7728d50c97}</UniqueIdentifier>
    </Filter>
    <Filter Include="Scene\SCENE_ToolScene">
      <UniqueIdentifier>{7bea3e31-f377-45d3-95fa-669cf425eec8}</UniqueIdentifier>
    </Filter>
    <Filter Include="Obj\Gobj_Bullet">
      <UniqueIdentifier>{1ca6a035-b3cd-4f37-8359-95b468e44247}</UniqueIdentifier>
    </Filter>
    <Filter Include="Obj\Gobj_Monster">
      <UniqueIdentifier>{4b73aad8-2239-4188-ad83-9a06494fd633}</UniqueIdentifier>
    </Filter>
    <Filter Include="Obj\Gobj_Monster\Melee">
      <UniqueIdentifier>{5d9ed76a-43b4-49ae-addb-2ec406ede695}</UniqueIdentifier>
    </Filter>
    <Filter Include="Obj\Gobj_Effect">
      <UniqueIdentifier>{76562c19-dd0c-4553-998f-300a072c7bbe}</UniqueIdentifier>
    </Filter>
    <Filter Include="Obj\Gobj_Character\Base">
      <UniqueIdentifier>{6522034b-e846-4de8-ae27-602fbd4798e5}</UniqueIdentifier>
    </Filter>
    <Filter Include="Obj\Gobj_Monster\Melee\Slime">
      <UniqueIdentifier>{c46f5ee5-3f32-4b4a-8eab-5c74d4cbd128}</UniqueIdentifier>
    </Filter>
    <Filter Include="Obj\Gobj_Monster\Ranged">
      <UniqueIdentifier>{895ef6ff-3297-44f3-ba8c-3a7ef2cc8630}</UniqueIdentifier>
    </Filter>
    <Filter Include="Obj\Gobj_Monster\Ranged\CannibalFlower">
      <UniqueIdentifier>{bed02df0-e594-4a19-8a80-09bc58017bda}</UniqueIdentifier>
    </Filter>
    <Filter Include="Obj\Gobj_Monster\Base">
      <UniqueIdentifier>{b40d41e0-e642-4fe9-8007-f6ec99addd57}</UniqueIdentifier>
    </Filter>
    <Filter Include="Scene\SCENE_PlayScene\Stage0">
      <UniqueIdentifier>{78a36665-781c-4e17-a79b-6da385a4a117}</UniqueIdentifier>
    </Filter>
    <Filter Include="Obj\Gobj_Monster\Ranged\Ent">
      <UniqueIdentifier>{21cb6722-2c79-4387-ac9d-09477e499564}</UniqueIdentifier>
    </Filter>
    <Filter Include="Script">
      <UniqueIdentifier>{b9d5412c-b543-4318-871b-3d8a37f65a99}</UniqueIdentifier>
    </Filter>
    <Filter Include="Script\SCRIPT_Tiles">
      <UniqueIdentifier>{daad8024-d157-4a04-bab0-e30f14b20ebf}</UniqueIdentifier>
    </Filter>
    <Filter Include="Script\SCRIPT_Player">
      <UniqueIdentifier>{e8c88b70-abaa-4102-9633-49023bee7978}</UniqueIdentifier>
    </Filter>
    <Filter Include="Script\SCRIPT_Monster">
      <UniqueIdentifier>{4894e1b7-b0f7-4f71-9c3b-8da8e8b532fd}</UniqueIdentifier>
    </Filter>
    <Filter Include="Script\SCRIPT_Monster\Ranged">
      <UniqueIdentifier>{8fb8ebd8-fdd4-488b-92ac-5f747a1a7b57}</UniqueIdentifier>
    </Filter>
    <Filter Include="Script\SCRIPT_Interactable">
      <UniqueIdentifier>{fd006f1b-ae2f-464c-837d-fc41f51a3679}</UniqueIdentifier>
    </Filter>
    <Filter Include="Script\SCRIPT_UI">
      <UniqueIdentifier>{2c85d1cd-a732-40f4-89e6-4de5ff736b0c}</UniqueIdentifier>
    </Filter>
    <Filter Include="Script\SCRIPT_etc">
      <UniqueIdentifier>{28d7141e-d96f-4114-893c-73eafd7a6812}</UniqueIdentifier>
    </Filter>
    <Filter Include="Obj\Gobj_Monster\Melee\Larva">
      <UniqueIdentifier>{5d27284b-2256-499f-bd0f-4d87b667c2f3}</UniqueIdentifier>
    </Filter>
    <Filter Include="Obj\Gobj_Monster\Melee\Cannibals">
      <UniqueIdentifier>{eac19ce0-a3f9-4a5b-bb3a-5261fa7bece0}</UniqueIdentifier>
    </Filter>
    <Filter Include="Script\SCRIPT_Monster\Boss">
      <UniqueIdentifier>{dbbdedf8-8afc-48af-9919-2ba2bdd4bf78}</UniqueIdentifier>
    </Filter>
    <Filter Include="Obj\Gobj_Monster\Boss">
      <UniqueIdentifier>{abc0c1f5-3a68-49ef-9e29-5a71476dc500}</UniqueIdentifier>
    </Filter>
    <Filter Include="Obj\Gobj_Monster\Boss\Old Ent">
      <UniqueIdentifier>{531a12da-33ac-457a-ba87-032f3cd317f8}</UniqueIdentifier>
    </Filter>
    <Filter Include="Obj\Gobj_Effect\Monster">
      <UniqueIdentifier>{ab3d3de3-0ae5-4175-abda-7f413c33e43f}</UniqueIdentifier>
    </Filter>
  </ItemGroup>
</Project>